{
  "nodes": {
    "nixpkgs": {
      "locked": {
        "lastModified": 1773389992,
        "narHash": "sha256-wvfdLLWJ2I9oEpDd9PfMA8osfIZicoQ5MT1jIwNs9Tk=",
        "owner": "nixos",
        "repo": "nixpkgs",
        "rev": "c06b4ae3d6599a672a6210b7021d699c351eebda",
        "type": "github"
      },
      "original": {
        "owner": "nixos",
        "ref": "nixos-unstable",
        "repo": "nixpkgs",
        "type": "github"
      }
    },
    "root": {
      "inputs": {
        "nixpkgs": "nixpkgs",
        "strudel": "strudel"
      }
    },
    "strudel": {
      "flake": false,
      "locked": {
        "lastModified": 1771540044,
        "narHash": "sha256-3E9oykOA7YSy/40JqFcQVP64Ga73PI5oNQvOEH1sEiM=",
        "ref": "refs/heads/main",
        "rev": "4a801ab668e00c5dcc8c4abf586ced4b1af0432e",
        "revCount": 6327,
        "type": "git",
        "url": "https://codeberg.org/uzu/strudel"
      },
      "original": {
        "type": "git",
        "url": "https://codeberg.org/uzu/strudel"
      }
    }
  },
  "root": "root",
  "version": 7
}
